// !$*UTF8*$!
{
	archiveVersion = 1;
	classes = {
	};
	objectVersion = 46;
	objects = {

/* Begin PBXBuildFile section */
		2119E6C8188C811B0022C6B9 /* blueBalloon.png in Resources */ = {isa = PBXBuildFile; fileRef = 2119E6C4188C811B0022C6B9 /* blueBalloon.png */; };
		2119E6C9188C811B0022C6B9 /* greenBalloon.png in Resources */ = {isa = PBXBuildFile; fileRef = 2119E6C5188C811B0022C6B9 /* greenBalloon.png */; };
		2119E6CA188C811B0022C6B9 /* orangeBalloon.png in Resources */ = {isa = PBXBuildFile; fileRef = 2119E6C6188C811B0022C6B9 /* orangeBalloon.png */; };
		2119E6CB188C811B0022C6B9 /* yellowBalloon.png in Resources */ = {isa = PBXBuildFile; fileRef = 2119E6C7188C811B0022C6B9 /* yellowBalloon.png */; };
		2119E6E7188C8DA30022C6B9 /* airPumpBottomBlue.png in Resources */ = {isa = PBXBuildFile; fileRef = 2119E6E4188C8DA30022C6B9 /* airPumpBottomBlue.png */; };
		2119E6E8188C8DA30022C6B9 /* airPumpBottomGreen.png in Resources */ = {isa = PBXBuildFile; fileRef = 2119E6E5188C8DA30022C6B9 /* airPumpBottomGreen.png */; };
		2119E6E9188C8DA30022C6B9 /* airPumpBottomRed.png in Resources */ = {isa = PBXBuildFile; fileRef = 2119E6E6188C8DA30022C6B9 /* airPumpBottomRed.png */; };
		218D7E9318A6F3DC00636331 /* airPumpBottomPurple.png in Resources */ = {isa = PBXBuildFile; fileRef = 218D7E9218A6F3DC00636331 /* airPumpBottomPurple.png */; };
		218D7E9518A6F84500636331 /* purpleBalloon.png in Resources */ = {isa = PBXBuildFile; fileRef = 218D7E9418A6F84500636331 /* purpleBalloon.png */; };
		218D7E9718A6F8CB00636331 /* purpleDot.png in Resources */ = {isa = PBXBuildFile; fileRef = 218D7E9618A6F8CB00636331 /* purpleDot.png */; };
		218E54A1188B3BD400D12351 /* Foundation.framework in Frameworks */ = {isa = PBXBuildFile; fileRef = 218E54A0188B3BD400D12351 /* Foundation.framework */; };
		218E54A3188B3BD400D12351 /* CoreGraphics.framework in Frameworks */ = {isa = PBXBuildFile; fileRef = 218E54A2188B3BD400D12351 /* CoreGraphics.framework */; };
		218E54A5188B3BD400D12351 /* UIKit.framework in Frameworks */ = {isa = PBXBuildFile; fileRef = 218E54A4188B3BD400D12351 /* UIKit.framework */; };
		218E54AB188B3BD400D12351 /* InfoPlist.strings in Resources */ = {isa = PBXBuildFile; fileRef = 218E54A9188B3BD400D12351 /* InfoPlist.strings */; };
		218E54AD188B3BD400D12351 /* main.m in Sources */ = {isa = PBXBuildFile; fileRef = 218E54AC188B3BD400D12351 /* main.m */; };
		218E54B1188B3BD400D12351 /* AppDelegate.m in Sources */ = {isa = PBXBuildFile; fileRef = 218E54B0188B3BD400D12351 /* AppDelegate.m */; };
		218E54B4188B3BD400D12351 /* Main.storyboard in Resources */ = {isa = PBXBuildFile; fileRef = 218E54B2188B3BD400D12351 /* Main.storyboard */; };
		218E54B7188B3BD400D12351 /* ViewController.m in Sources */ = {isa = PBXBuildFile; fileRef = 218E54B6188B3BD400D12351 /* ViewController.m */; };
		218E54B9188B3BD400D12351 /* Images.xcassets in Resources */ = {isa = PBXBuildFile; fileRef = 218E54B8188B3BD400D12351 /* Images.xcassets */; };
		218E54C0188B3BD400D12351 /* XCTest.framework in Frameworks */ = {isa = PBXBuildFile; fileRef = 218E54BF188B3BD400D12351 /* XCTest.framework */; };
		218E54C1188B3BD400D12351 /* Foundation.framework in Frameworks */ = {isa = PBXBuildFile; fileRef = 218E54A0188B3BD400D12351 /* Foundation.framework */; };
		218E54C2188B3BD400D12351 /* UIKit.framework in Frameworks */ = {isa = PBXBuildFile; fileRef = 218E54A4188B3BD400D12351 /* UIKit.framework */; };
		218E54CA188B3BD400D12351 /* InfoPlist.strings in Resources */ = {isa = PBXBuildFile; fileRef = 218E54C8188B3BD400D12351 /* InfoPlist.strings */; };
		218E54CC188B3BD400D12351 /* BalloonsMixTests.m in Sources */ = {isa = PBXBuildFile; fileRef = 218E54CB188B3BD400D12351 /* BalloonsMixTests.m */; };
		218E54E2188B3D0B00D12351 /* airPumpTop.png in Resources */ = {isa = PBXBuildFile; fileRef = 218E54D7188B3D0B00D12351 /* airPumpTop.png */; };
		218E54E4188B3D0B00D12351 /* blueDot.png in Resources */ = {isa = PBXBuildFile; fileRef = 218E54D9188B3D0B00D12351 /* blueDot.png */; };
		218E54E5188B3D0B00D12351 /* cloudBG.jpg in Resources */ = {isa = PBXBuildFile; fileRef = 218E54DA188B3D0B00D12351 /* cloudBG.jpg */; };
		218E54E6188B3D0B00D12351 /* cloudBig.png in Resources */ = {isa = PBXBuildFile; fileRef = 218E54DB188B3D0B00D12351 /* cloudBig.png */; };
		218E54E7188B3D0B00D12351 /* cloudSmall.png in Resources */ = {isa = PBXBuildFile; fileRef = 218E54DC188B3D0B00D12351 /* cloudSmall.png */; };
		218E54E8188B3D0B00D12351 /* greenBG.png in Resources */ = {isa = PBXBuildFile; fileRef = 218E54DD188B3D0B00D12351 /* greenBG.png */; };
		218E54E9188B3D0B00D12351 /* greenDot.png in Resources */ = {isa = PBXBuildFile; fileRef = 218E54DE188B3D0B00D12351 /* greenDot.png */; };
		218E54EA188B3D0B00D12351 /* redDot.png in Resources */ = {isa = PBXBuildFile; fileRef = 218E54DF188B3D0B00D12351 /* redDot.png */; };
		218E54EB188B3D0B00D12351 /* yellowDot.png in Resources */ = {isa = PBXBuildFile; fileRef = 218E54E0188B3D0B00D12351 /* yellowDot.png */; };
		218E54EE188B3D7700D12351 /* CloudView.m in Sources */ = {isa = PBXBuildFile; fileRef = 218E54ED188B3D7700D12351 /* CloudView.m */; };
		218E54F1188B3DDA00D12351 /* BalloonView.m in Sources */ = {isa = PBXBuildFile; fileRef = 218E54F0188B3DDA00D12351 /* BalloonView.m */; };
		218E54F4188B3E8D00D12351 /* AirPumpView.m in Sources */ = {isa = PBXBuildFile; fileRef = 218E54F3188B3E8D00D12351 /* AirPumpView.m */; };
		218E54F7188B3F4100D12351 /* AirTubeView.m in Sources */ = {isa = PBXBuildFile; fileRef = 218E54F6188B3F4100D12351 /* AirTubeView.m */; };
		218E54FB188B3FF100D12351 /* UIBezierPath+AirTubeGlyph.m in Sources */ = {isa = PBXBuildFile; fileRef = 218E54FA188B3FF100D12351 /* UIBezierPath+AirTubeGlyph.m */; };
		218E54FE188B415C00D12351 /* IdeaView.m in Sources */ = {isa = PBXBuildFile; fileRef = 218E54FD188B415C00D12351 /* IdeaView.m */; };
/* End PBXBuildFile section */

/* Begin PBXContainerItemProxy section */
		218E54C3188B3BD400D12351 /* PBXContainerItemProxy */ = {
			isa = PBXContainerItemProxy;
			containerPortal = 218E5495188B3BD300D12351 /* Project object */;
			proxyType = 1;
			remoteGlobalIDString = 218E549C188B3BD300D12351;
			remoteInfo = BalloonsMix;
		};
/* End PBXContainerItemProxy section */

/* Begin PBXFileReference section */
		2119E6C4188C811B0022C6B9 /* blueBalloon.png */ = {isa = PBXFileReference; lastKnownFileType = image.png; path = blueBalloon.png; sourceTree = "<group>"; };
		2119E6C5188C811B0022C6B9 /* greenBalloon.png */ = {isa = PBXFileReference; lastKnownFileType = image.png; path = greenBalloon.png; sourceTree = "<group>"; };
		2119E6C6188C811B0022C6B9 /* orangeBalloon.png */ = {isa = PBXFileReference; lastKnownFileType = image.png; path = orangeBalloon.png; sourceTree = "<group>"; };
		2119E6C7188C811B0022C6B9 /* yellowBalloon.png */ = {isa = PBXFileReference; lastKnownFileType = image.png; path = yellowBalloon.png; sourceTree = "<group>"; };
		2119E6E4188C8DA30022C6B9 /* airPumpBottomBlue.png */ = {isa = PBXFileReference; lastKnownFileType = image.png; path = airPumpBottomBlue.png; sourceTree = "<group>"; };
		2119E6E5188C8DA30022C6B9 /* airPumpBottomGreen.png */ = {isa = PBXFileReference; lastKnownFileType = image.png; path = airPumpBottomGreen.png; sourceTree = "<group>"; };
		2119E6E6188C8DA30022C6B9 /* airPumpBottomRed.png */ = {isa = PBXFileReference; lastKnownFileType = image.png; path = airPumpBottomRed.png; sourceTree = "<group>"; };
		218D7E9218A6F3DC00636331 /* airPumpBottomPurple.png */ = {isa = PBXFileReference; lastKnownFileType = image.png; path = airPumpBottomPurple.png; sourceTree = "<group>"; };
		218D7E9418A6F84500636331 /* purpleBalloon.png */ = {isa = PBXFileReference; lastKnownFileType = image.png; path = purpleBalloon.png; sourceTree = "<group>"; };
		218D7E9618A6F8CB00636331 /* purpleDot.png */ = {isa = PBXFileReference; lastKnownFileType = image.png; path = purpleDot.png; sourceTree = "<group>"; };
		218E549D188B3BD300D12351 /* BalloonsMix.app */ = {isa = PBXFileReference; explicitFileType = wrapper.application; includeInIndex = 0; path = BalloonsMix.app; sourceTree = BUILT_PRODUCTS_DIR; };
		218E54A0188B3BD400D12351 /* Foundation.framework */ = {isa = PBXFileReference; lastKnownFileType = wrapper.framework; name = Foundation.framework; path = System/Library/Frameworks/Foundation.framework; sourceTree = SDKROOT; };
		218E54A2188B3BD400D12351 /* CoreGraphics.framework */ = {isa = PBXFileReference; lastKnownFileType = wrapper.framework; name = CoreGraphics.framework; path = System/Library/Frameworks/CoreGraphics.framework; sourceTree = SDKROOT; };
		218E54A4188B3BD400D12351 /* UIKit.framework */ = {isa = PBXFileReference; lastKnownFileType = wrapper.framework; name = UIKit.framework; path = System/Library/Frameworks/UIKit.framework; sourceTree = SDKROOT; };
		218E54A8188B3BD400D12351 /* BalloonsMix-Info.plist */ = {isa = PBXFileReference; lastKnownFileType = text.plist.xml; path = "BalloonsMix-Info.plist"; sourceTree = "<group>"; };
		218E54AA188B3BD400D12351 /* en */ = {isa = PBXFileReference; lastKnownFileType = text.plist.strings; name = en; path = en.lproj/InfoPlist.strings; sourceTree = "<group>"; };
		218E54AC188B3BD400D12351 /* main.m */ = {isa = PBXFileReference; lastKnownFileType = sourcecode.c.objc; path = main.m; sourceTree = "<group>"; };
		218E54AE188B3BD400D12351 /* BalloonsMix-Prefix.pch */ = {isa = PBXFileReference; lastKnownFileType = sourcecode.c.h; path = "BalloonsMix-Prefix.pch"; sourceTree = "<group>"; };
		218E54AF188B3BD400D12351 /* AppDelegate.h */ = {isa = PBXFileReference; lastKnownFileType = sourcecode.c.h; path = AppDelegate.h; sourceTree = "<group>"; };
		218E54B0188B3BD400D12351 /* AppDelegate.m */ = {isa = PBXFileReference; lastKnownFileType = sourcecode.c.objc; path = AppDelegate.m; sourceTree = "<group>"; };
		218E54B3188B3BD400D12351 /* Base */ = {isa = PBXFileReference; lastKnownFileType = file.storyboard; name = Base; path = Base.lproj/Main.storyboard; sourceTree = "<group>"; };
		218E54B5188B3BD400D12351 /* ViewController.h */ = {isa = PBXFileReference; lastKnownFileType = sourcecode.c.h; path = ViewController.h; sourceTree = "<group>"; };
		218E54B6188B3BD400D12351 /* ViewController.m */ = {isa = PBXFileReference; lastKnownFileType = sourcecode.c.objc; path = ViewController.m; sourceTree = "<group>"; };
		218E54B8188B3BD400D12351 /* Images.xcassets */ = {isa = PBXFileReference; lastKnownFileType = folder.assetcatalog; path = Images.xcassets; sourceTree = "<group>"; };
		218E54BE188B3BD400D12351 /* BalloonsMixTests.xctest */ = {isa = PBXFileReference; explicitFileType = wrapper.cfbundle; includeInIndex = 0; path = BalloonsMixTests.xctest; sourceTree = BUILT_PRODUCTS_DIR; };
		218E54BF188B3BD400D12351 /* XCTest.framework */ = {isa = PBXFileReference; lastKnownFileType = wrapper.framework; name = XCTest.framework; path = Library/Frameworks/XCTest.framework; sourceTree = DEVELOPER_DIR; };
		218E54C7188B3BD400D12351 /* BalloonsMixTests-Info.plist */ = {isa = PBXFileReference; lastKnownFileType = text.plist.xml; path = "BalloonsMixTests-Info.plist"; sourceTree = "<group>"; };
		218E54C9188B3BD400D12351 /* en */ = {isa = PBXFileReference; lastKnownFileType = text.plist.strings; name = en; path = en.lproj/InfoPlist.strings; sourceTree = "<group>"; };
		218E54CB188B3BD400D12351 /* BalloonsMixTests.m */ = {isa = PBXFileReference; lastKnownFileType = sourcecode.c.objc; path = BalloonsMixTests.m; sourceTree = "<group>"; };
		218E54D7188B3D0B00D12351 /* airPumpTop.png */ = {isa = PBXFileReference; lastKnownFileType = image.png; path = airPumpTop.png; sourceTree = "<group>"; };
		218E54D9188B3D0B00D12351 /* blueDot.png */ = {isa = PBXFileReference; lastKnownFileType = image.png; path = blueDot.png; sourceTree = "<group>"; };
		218E54DA188B3D0B00D12351 /* cloudBG.jpg */ = {isa = PBXFileReference; lastKnownFileType = image.jpeg; path = cloudBG.jpg; sourceTree = "<group>"; };
		218E54DB188B3D0B00D12351 /* cloudBig.png */ = {isa = PBXFileReference; lastKnownFileType = image.png; path = cloudBig.png; sourceTree = "<group>"; };
		218E54DC188B3D0B00D12351 /* cloudSmall.png */ = {isa = PBXFileReference; lastKnownFileType = image.png; path = cloudSmall.png; sourceTree = "<group>"; };
		218E54DD188B3D0B00D12351 /* greenBG.png */ = {isa = PBXFileReference; lastKnownFileType = image.png; path = greenBG.png; sourceTree = "<group>"; };
		218E54DE188B3D0B00D12351 /* greenDot.png */ = {isa = PBXFileReference; lastKnownFileType = image.png; path = greenDot.png; sourceTree = "<group>"; };
		218E54DF188B3D0B00D12351 /* redDot.png */ = {isa = PBXFileReference; lastKnownFileType = image.png; path = redDot.png; sourceTree = "<group>"; };
		218E54E0188B3D0B00D12351 /* yellowDot.png */ = {isa = PBXFileReference; lastKnownFileType = image.png; path = yellowDot.png; sourceTree = "<group>"; };
		218E54EC188B3D7700D12351 /* CloudView.h */ = {isa = PBXFileReference; fileEncoding = 4; lastKnownFileType = sourcecode.c.h; path = CloudView.h; sourceTree = "<group>"; };
		218E54ED188B3D7700D12351 /* CloudView.m */ = {isa = PBXFileReference; fileEncoding = 4; lastKnownFileType = sourcecode.c.objc; path = CloudView.m; sourceTree = "<group>"; };
		218E54EF188B3DDA00D12351 /* BalloonView.h */ = {isa = PBXFileReference; fileEncoding = 4; lastKnownFileType = sourcecode.c.h; path = BalloonView.h; sourceTree = "<group>"; };
		218E54F0188B3DDA00D12351 /* BalloonView.m */ = {isa = PBXFileReference; fileEncoding = 4; lastKnownFileType = sourcecode.c.objc; path = BalloonView.m; sourceTree = "<group>"; };
		218E54F2188B3E8D00D12351 /* AirPumpView.h */ = {isa = PBXFileReference; fileEncoding = 4; lastKnownFileType = sourcecode.c.h; path = AirPumpView.h; sourceTree = "<group>"; };
		218E54F3188B3E8D00D12351 /* AirPumpView.m */ = {isa = PBXFileReference; fileEncoding = 4; lastKnownFileType = sourcecode.c.objc; path = AirPumpView.m; sourceTree = "<group>"; };
		218E54F5188B3F4100D12351 /* AirTubeView.h */ = {isa = PBXFileReference; fileEncoding = 4; lastKnownFileType = sourcecode.c.h; path = AirTubeView.h; sourceTree = "<group>"; };
		218E54F6188B3F4100D12351 /* AirTubeView.m */ = {isa = PBXFileReference; fileEncoding = 4; lastKnownFileType = sourcecode.c.objc; path = AirTubeView.m; sourceTree = "<group>"; };
		218E54F9188B3FF100D12351 /* UIBezierPath+AirTubeGlyph.h */ = {isa = PBXFileReference; fileEncoding = 4; lastKnownFileType = sourcecode.c.h; path = "UIBezierPath+AirTubeGlyph.h"; sourceTree = "<group>"; };
		218E54FA188B3FF100D12351 /* UIBezierPath+AirTubeGlyph.m */ = {isa = PBXFileReference; fileEncoding = 4; lastKnownFileType = sourcecode.c.objc; path = "UIBezierPath+AirTubeGlyph.m"; sourceTree = "<group>"; };
		218E54FC188B415C00D12351 /* IdeaView.h */ = {isa = PBXFileReference; fileEncoding = 4; lastKnownFileType = sourcecode.c.h; path = IdeaView.h; sourceTree = "<group>"; };
		218E54FD188B415C00D12351 /* IdeaView.m */ = {isa = PBXFileReference; fileEncoding = 4; lastKnownFileType = sourcecode.c.objc; path = IdeaView.m; sourceTree = "<group>"; };
/* End PBXFileReference section */

/* Begin PBXFrameworksBuildPhase section */
		218E549A188B3BD300D12351 /* Frameworks */ = {
			isa = PBXFrameworksBuildPhase;
			buildActionMask = 2147483647;
			files = (
				218E54A3188B3BD400D12351 /* CoreGraphics.framework in Frameworks */,
				218E54A5188B3BD400D12351 /* UIKit.framework in Frameworks */,
				218E54A1188B3BD400D12351 /* Foundation.framework in Frameworks */,
			);
			runOnlyForDeploymentPostprocessing = 0;
		};
		218E54BB188B3BD400D12351 /* Frameworks */ = {
			isa = PBXFrameworksBuildPhase;
			buildActionMask = 2147483647;
			files = (
				218E54C0188B3BD400D12351 /* XCTest.framework in Frameworks */,
				218E54C2188B3BD400D12351 /* UIKit.framework in Frameworks */,
				218E54C1188B3BD400D12351 /* Foundation.framework in Frameworks */,
			);
			runOnlyForDeploymentPostprocessing = 0;
		};
/* End PBXFrameworksBuildPhase section */

/* Begin PBXGroup section */
		218E5494188B3BD300D12351 = {
			isa = PBXGroup;
			children = (
				218E54A6188B3BD400D12351 /* BalloonsMix */,
				218E54C5188B3BD400D12351 /* BalloonsMixTests */,
				218E549F188B3BD300D12351 /* Frameworks */,
				218E549E188B3BD300D12351 /* Products */,
			);
			sourceTree = "<group>";
		};
		218E549E188B3BD300D12351 /* Products */ = {
			isa = PBXGroup;
			children = (
				218E549D188B3BD300D12351 /* BalloonsMix.app */,
				218E54BE188B3BD400D12351 /* BalloonsMixTests.xctest */,
			);
			name = Products;
			sourceTree = "<group>";
		};
		218E549F188B3BD300D12351 /* Frameworks */ = {
			isa = PBXGroup;
			children = (
				218E54A0188B3BD400D12351 /* Foundation.framework */,
				218E54A2188B3BD400D12351 /* CoreGraphics.framework */,
				218E54A4188B3BD400D12351 /* UIKit.framework */,
				218E54BF188B3BD400D12351 /* XCTest.framework */,
			);
			name = Frameworks;
			sourceTree = "<group>";
		};
		218E54A6188B3BD400D12351 /* BalloonsMix */ = {
			isa = PBXGroup;
			children = (
				218E54B2188B3BD400D12351 /* Main.storyboard */,
				218E54B8188B3BD400D12351 /* Images.xcassets */,
				218E54AF188B3BD400D12351 /* AppDelegate.h */,
				218E54B0188B3BD400D12351 /* AppDelegate.m */,
				218E54EC188B3D7700D12351 /* CloudView.h */,
				218E54ED188B3D7700D12351 /* CloudView.m */,
				218E54EF188B3DDA00D12351 /* BalloonView.h */,
				218E54F0188B3DDA00D12351 /* BalloonView.m */,
				218E54FC188B415C00D12351 /* IdeaView.h */,
				218E54FD188B415C00D12351 /* IdeaView.m */,
				218E54F5188B3F4100D12351 /* AirTubeView.h */,
				218E54F6188B3F4100D12351 /* AirTubeView.m */,
				218E54F2188B3E8D00D12351 /* AirPumpView.h */,
				218E54F3188B3E8D00D12351 /* AirPumpView.m */,
				218E54B5188B3BD400D12351 /* ViewController.h */,
				218E54B6188B3BD400D12351 /* ViewController.m */,
				218E54F8188B3FC700D12351 /* Glyphs */,
				218E54D5188B3CE300D12351 /* Images */,
				218E54A7188B3BD400D12351 /* Supporting Files */,
			);
			path = BalloonsMix;
			sourceTree = "<group>";
		};
		218E54A7188B3BD400D12351 /* Supporting Files */ = {
			isa = PBXGroup;
			children = (
				218E54A8188B3BD400D12351 /* BalloonsMix-Info.plist */,
				218E54A9188B3BD400D12351 /* InfoPlist.strings */,
				218E54AC188B3BD400D12351 /* main.m */,
				218E54AE188B3BD400D12351 /* BalloonsMix-Prefix.pch */,
			);
			name = "Supporting Files";
			sourceTree = "<group>";
		};
		218E54C5188B3BD400D12351 /* BalloonsMixTests */ = {
			isa = PBXGroup;
			children = (
				218E54CB188B3BD400D12351 /* BalloonsMixTests.m */,
				218E54C6188B3BD400D12351 /* Supporting Files */,
			);
			path = BalloonsMixTests;
			sourceTree = "<group>";
		};
		218E54C6188B3BD400D12351 /* Supporting Files */ = {
			isa = PBXGroup;
			children = (
				218E54C7188B3BD400D12351 /* BalloonsMixTests-Info.plist */,
				218E54C8188B3BD400D12351 /* InfoPlist.strings */,
			);
			name = "Supporting Files";
			sourceTree = "<group>";
		};
		218E54D5188B3CE300D12351 /* Images */ = {
			isa = PBXGroup;
			children = (
				2119E6E4188C8DA30022C6B9 /* airPumpBottomBlue.png */,
				2119E6E5188C8DA30022C6B9 /* airPumpBottomGreen.png */,
				2119E6E6188C8DA30022C6B9 /* airPumpBottomRed.png */,
				218D7E9218A6F3DC00636331 /* airPumpBottomPurple.png */,
				218E54D7188B3D0B00D12351 /* airPumpTop.png */,
				218E54DA188B3D0B00D12351 /* cloudBG.jpg */,
				218E54DB188B3D0B00D12351 /* cloudBig.png */,
				218E54DC188B3D0B00D12351 /* cloudSmall.png */,
				218E54DD188B3D0B00D12351 /* greenBG.png */,
				2119E6C4188C811B0022C6B9 /* blueBalloon.png */,
				218E54D9188B3D0B00D12351 /* blueDot.png */,
				2119E6C5188C811B0022C6B9 /* greenBalloon.png */,
				218E54DE188B3D0B00D12351 /* greenDot.png */,
				2119E6C7188C811B0022C6B9 /* yellowBalloon.png */,
				218E54E0188B3D0B00D12351 /* yellowDot.png */,
				2119E6C6188C811B0022C6B9 /* orangeBalloon.png */,
				218E54DF188B3D0B00D12351 /* redDot.png */,
				218D7E9418A6F84500636331 /* purpleBalloon.png */,
				218D7E9618A6F8CB00636331 /* purpleDot.png */,
			);
			path = Images;
			sourceTree = "<group>";
		};
		218E54F8188B3FC700D12351 /* Glyphs */ = {
			isa = PBXGroup;
			children = (
				218E54F9188B3FF100D12351 /* UIBezierPath+AirTubeGlyph.h */,
				218E54FA188B3FF100D12351 /* UIBezierPath+AirTubeGlyph.m */,
			);
			path = Glyphs;
			sourceTree = "<group>";
		};
/* End PBXGroup section */

/* Begin PBXNativeTarget section */
		218E549C188B3BD300D12351 /* BalloonsMix */ = {
			isa = PBXNativeTarget;
			buildConfigurationList = 218E54CF188B3BD400D12351 /* Build configuration list for PBXNativeTarget "BalloonsMix" */;
			buildPhases = (
				218E5499188B3BD300D12351 /* Sources */,
				218E549A188B3BD300D12351 /* Frameworks */,
				218E549B188B3BD300D12351 /* Resources */,
			);
			buildRules = (
			);
			dependencies = (
			);
			name = BalloonsMix;
			productName = BalloonsMix;
			productReference = 218E549D188B3BD300D12351 /* BalloonsMix.app */;
			productType = "com.apple.product-type.application";
		};
		218E54BD188B3BD400D12351 /* BalloonsMixTests */ = {
			isa = PBXNativeTarget;
			buildConfigurationList = 218E54D2188B3BD400D12351 /* Build configuration list for PBXNativeTarget "BalloonsMixTests" */;
			buildPhases = (
				218E54BA188B3BD400D12351 /* Sources */,
				218E54BB188B3BD400D12351 /* Frameworks */,
				218E54BC188B3BD400D12351 /* Resources */,
			);
			buildRules = (
			);
			dependencies = (
				218E54C4188B3BD400D12351 /* PBXTargetDependency */,
			);
			name = BalloonsMixTests;
			productName = BalloonsMixTests;
			productReference = 218E54BE188B3BD400D12351 /* BalloonsMixTests.xctest */;
			productType = "com.apple.product-type.bundle.unit-test";
		};
/* End PBXNativeTarget section */

/* Begin PBXProject section */
		218E5495188B3BD300D12351 /* Project object */ = {
			isa = PBXProject;
			attributes = {
				LastUpgradeCheck = 0500;
				ORGANIZATIONNAME = "Stephanie Ta";
				TargetAttributes = {
					218E54BD188B3BD400D12351 = {
						TestTargetID = 218E549C188B3BD300D12351;
					};
				};
			};
			buildConfigurationList = 218E5498188B3BD300D12351 /* Build configuration list for PBXProject "BalloonsMix" */;
			compatibilityVersion = "Xcode 3.2";
			developmentRegion = English;
			hasScannedForEncodings = 0;
			knownRegions = (
				en,
				Base,
			);
			mainGroup = 218E5494188B3BD300D12351;
			productRefGroup = 218E549E188B3BD300D12351 /* Products */;
			projectDirPath = "";
			projectRoot = "";
			targets = (
				218E549C188B3BD300D12351 /* BalloonsMix */,
				218E54BD188B3BD400D12351 /* BalloonsMixTests */,
			);
		};
/* End PBXProject section */

/* Begin PBXResourcesBuildPhase section */
		218E549B188B3BD300D12351 /* Resources */ = {
			isa = PBXResourcesBuildPhase;
			buildActionMask = 2147483647;
			files = (
				2119E6E8188C8DA30022C6B9 /* airPumpBottomGreen.png in Resources */,
				218D7E9718A6F8CB00636331 /* purpleDot.png in Resources */,
				218E54E2188B3D0B00D12351 /* airPumpTop.png in Resources */,
				218E54B9188B3BD400D12351 /* Images.xcassets in Resources */,
				218E54E6188B3D0B00D12351 /* cloudBig.png in Resources */,
				218E54E9188B3D0B00D12351 /* greenDot.png in Resources */,
				218E54E8188B3D0B00D12351 /* greenBG.png in Resources */,
				2119E6CB188C811B0022C6B9 /* yellowBalloon.png in Resources */,
				218E54E5188B3D0B00D12351 /* cloudBG.jpg in Resources */,
				218E54EA188B3D0B00D12351 /* redDot.png in Resources */,
				2119E6E7188C8DA30022C6B9 /* airPumpBottomBlue.png in Resources */,
				218E54AB188B3BD400D12351 /* InfoPlist.strings in Resources */,
				218E54B4188B3BD400D12351 /* Main.storyboard in Resources */,
				218E54E7188B3D0B00D12351 /* cloudSmall.png in Resources */,
				2119E6C9188C811B0022C6B9 /* greenBalloon.png in Resources */,
				218D7E9318A6F3DC00636331 /* airPumpBottomPurple.png in Resources */,
				218E54EB188B3D0B00D12351 /* yellowDot.png in Resources */,
				218E54E4188B3D0B00D12351 /* blueDot.png in Resources */,
				218D7E9518A6F84500636331 /* purpleBalloon.png in Resources */,
				2119E6E9188C8DA30022C6B9 /* airPumpBottomRed.png in Resources */,
				2119E6CA188C811B0022C6B9 /* orangeBalloon.png in Resources */,
				2119E6C8188C811B0022C6B9 /* blueBalloon.png in Resources */,
			);
			runOnlyForDeploymentPostprocessing = 0;
		};
		218E54BC188B3BD400D12351 /* Resources */ = {
			isa = PBXResourcesBuildPhase;
			buildActionMask = 2147483647;
			files = (
				218E54CA188B3BD400D12351 /* InfoPlist.strings in Resources */,
			);
			runOnlyForDeploymentPostprocessing = 0;
		};
/* End PBXResourcesBuildPhase section */

/* Begin PBXSourcesBuildPhase section */
		218E5499188B3BD300D12351 /* Sources */ = {
			isa = PBXSourcesBuildPhase;
			buildActionMask = 2147483647;
			files = (
				218E54EE188B3D7700D12351 /* CloudView.m in Sources */,
				218E54F4188B3E8D00D12351 /* AirPumpView.m in Sources */,
				218E54F1188B3DDA00D12351 /* BalloonView.m in Sources */,
				218E54B7188B3BD400D12351 /* ViewController.m in Sources */,
				218E54FE188B415C00D12351 /* IdeaView.m in Sources */,
				218E54B1188B3BD400D12351 /* AppDelegate.m in Sources */,
				218E54FB188B3FF100D12351 /* UIBezierPath+AirTubeGlyph.m in Sources */,
				218E54F7188B3F4100D12351 /* AirTubeView.m in Sources */,
				218E54AD188B3BD400D12351 /* main.m in Sources */,
			);
			runOnlyForDeploymentPostprocessing = 0;
		};
		218E54BA188B3BD400D12351 /* Sources */ = {
			isa = PBXSourcesBuildPhase;
			buildActionMask = 2147483647;
			files = (
				218E54CC188B3BD400D12351 /* BalloonsMixTests.m in Sources */,
			);
			runOnlyForDeploymentPostprocessing = 0;
		};
/* End PBXSourcesBuildPhase section */

/* Begin PBXTargetDependency section */
		218E54C4188B3BD400D12351 /* PBXTargetDependency */ = {
			isa = PBXTargetDependency;
			target = 218E549C188B3BD300D12351 /* BalloonsMix */;
			targetProxy = 218E54C3188B3BD400D12351 /* PBXContainerItemProxy */;
		};
/* End PBXTargetDependency section */

/* Begin PBXVariantGroup section */
		218E54A9188B3BD400D12351 /* InfoPlist.strings */ = {
			isa = PBXVariantGroup;
			children = (
				218E54AA188B3BD400D12351 /* en */,
			);
			name = InfoPlist.strings;
			sourceTree = "<group>";
		};
		218E54B2188B3BD400D12351 /* Main.storyboard */ = {
			isa = PBXVariantGroup;
			children = (
				218E54B3188B3BD400D12351 /* Base */,
			);
			name = Main.storyboard;
			sourceTree = "<group>";
		};
		218E54C8188B3BD400D12351 /* InfoPlist.strings */ = {
			isa = PBXVariantGroup;
			children = (
				218E54C9188B3BD400D12351 /* en */,
			);
			name = InfoPlist.strings;
			sourceTree = "<group>";
		};
/* End PBXVariantGroup section */

/* Begin XCBuildConfiguration section */
		218E54CD188B3BD400D12351 /* Debug */ = {
			isa = XCBuildConfiguration;
			buildSettings = {
				ALWAYS_SEARCH_USER_PATHS = NO;
				ARCHS = "$(ARCHS_STANDARD_INCLUDING_64_BIT)";
				CLANG_CXX_LANGUAGE_STANDARD = "gnu++0x";
				CLANG_CXX_LIBRARY = "libc++";
				CLANG_ENABLE_MODULES = YES;
				CLANG_ENABLE_OBJC_ARC = YES;
				CLANG_WARN_BOOL_CONVERSION = YES;
				CLANG_WARN_CONSTANT_CONVERSION = YES;
				CLANG_WARN_DIRECT_OBJC_ISA_USAGE = YES_ERROR;
				CLANG_WARN_EMPTY_BODY = YES;
				CLANG_WARN_ENUM_CONVERSION = YES;
				CLANG_WARN_INT_CONVERSION = YES;
				CLANG_WARN_OBJC_ROOT_CLASS = YES_ERROR;
				CLANG_WARN__DUPLICATE_METHOD_MATCH = YES;
				"CODE_SIGN_IDENTITY[sdk=iphoneos*]" = "iPhone Developer";
				COPY_PHASE_STRIP = NO;
				GCC_C_LANGUAGE_STANDARD = gnu99;
				GCC_DYNAMIC_NO_PIC = NO;
				GCC_OPTIMIZATION_LEVEL = 0;
				GCC_PREPROCESSOR_DEFINITIONS = (
					"DEBUG=1",
					"$(inherited)",
				);
				GCC_SYMBOLS_PRIVATE_EXTERN = NO;
				GCC_WARN_64_TO_32_BIT_CONVERSION = YES;
				GCC_WARN_ABOUT_RETURN_TYPE = YES_ERROR;
				GCC_WARN_UNDECLARED_SELECTOR = YES;
				GCC_WARN_UNINITIALIZED_AUTOS = YES;
				GCC_WARN_UNUSED_FUNCTION = YES;
				GCC_WARN_UNUSED_VARIABLE = YES;
				IPHONEOS_DEPLOYMENT_TARGET = 7.0;
				ONLY_ACTIVE_ARCH = YES;
				SDKROOT = iphoneos;
			};
			name = Debug;
		};
		218E54CE188B3BD400D12351 /* Release */ = {
			isa = XCBuildConfiguration;
			buildSettings = {
				ALWAYS_SEARCH_USER_PATHS = NO;
				ARCHS = "$(ARCHS_STANDARD_INCLUDING_64_BIT)";
				CLANG_CXX_LANGUAGE_STANDARD = "gnu++0x";
				CLANG_CXX_LIBRARY = "libc++";
				CLANG_ENABLE_MODULES = YES;
				CLANG_ENABLE_OBJC_ARC = YES;
				CLANG_WARN_BOOL_CONVERSION = YES;
				CLANG_WARN_CONSTANT_CONVERSION = YES;
				CLANG_WARN_DIRECT_OBJC_ISA_USAGE = YES_ERROR;
				CLANG_WARN_EMPTY_BODY = YES;
				CLANG_WARN_ENUM_CONVERSION = YES;
				CLANG_WARN_INT_CONVERSION = YES;
				CLANG_WARN_OBJC_ROOT_CLASS = YES_ERROR;
				CLANG_WARN__DUPLICATE_METHOD_MATCH = YES;
				"CODE_SIGN_IDENTITY[sdk=iphoneos*]" = "iPhone Developer";
				COPY_PHASE_STRIP = YES;
				ENABLE_NS_ASSERTIONS = NO;
				GCC_C_LANGUAGE_STANDARD = gnu99;
				GCC_WARN_64_TO_32_BIT_CONVERSION = YES;
				GCC_WARN_ABOUT_RETURN_TYPE = YES_ERROR;
				GCC_WARN_UNDECLARED_SELECTOR = YES;
				GCC_WARN_UNINITIALIZED_AUTOS = YES;
				GCC_WARN_UNUSED_FUNCTION = YES;
				GCC_WARN_UNUSED_VARIABLE = YES;
				IPHONEOS_DEPLOYMENT_TARGET = 7.0;
				SDKROOT = iphoneos;
				VALIDATE_PRODUCT = YES;
			};
			name = Release;
		};
		218E54D0188B3BD400D12351 /* Debug */ = {
			isa = XCBuildConfiguration;
			buildSettings = {
				ASSETCATALOG_COMPILER_APPICON_NAME = AppIcon;
				ASSETCATALOG_COMPILER_LAUNCHIMAGE_NAME = LaunchImage;
				GCC_PRECOMPILE_PREFIX_HEADER = YES;
				GCC_PREFIX_HEADER = "BalloonsMix/BalloonsMix-Prefix.pch";
				INFOPLIST_FILE = "BalloonsMix/BalloonsMix-Info.plist";
				PRODUCT_NAME = "$(TARGET_NAME)";
				WRAPPER_EXTENSION = app;
			};
			name = Debug;
		};
		218E54D1188B3BD400D12351 /* Release */ = {
			isa = XCBuildConfiguration;
			buildSettings = {
				ASSETCATALOG_COMPILER_APPICON_NAME = AppIcon;
				ASSETCATALOG_COMPILER_LAUNCHIMAGE_NAME = LaunchImage;
				GCC_PRECOMPILE_PREFIX_HEADER = YES;
				GCC_PREFIX_HEADER = "BalloonsMix/BalloonsMix-Prefix.pch";
				INFOPLIST_FILE = "BalloonsMix/BalloonsMix-Info.plist";
				PRODUCT_NAME = "$(TARGET_NAME)";
				WRAPPER_EXTENSION = app;
			};
			name = Release;
		};
		218E54D3188B3BD400D12351 /* Debug */ = {
			isa = XCBuildConfiguration;
			buildSettings = {
				ARCHS = "$(ARCHS_STANDARD_INCLUDING_64_BIT)";
				BUNDLE_LOADER = "$(BUILT_PRODUCTS_DIR)/BalloonsMix.app/BalloonsMix";
				FRAMEWORK_SEARCH_PATHS = (
					"$(SDKROOT)/Developer/Library/Frameworks",
					"$(inherited)",
					"$(DEVELOPER_FRAMEWORKS_DIR)",
				);
				GCC_PRECOMPILE_PREFIX_HEADER = YES;
				GCC_PREFIX_HEADER = "BalloonsMix/BalloonsMix-Prefix.pch";
				GCC_PREPROCESSOR_DEFINITIONS = (
					"DEBUG=1",
					"$(inherited)",
				);
				INFOPLIST_FILE = "BalloonsMixTests/BalloonsMixTests-Info.plist";
				PRODUCT_NAME = "$(TARGET_NAME)";
				TEST_HOST = "$(BUNDLE_LOADER)";
				WRAPPER_EXTENSION = xctest;
			};
			name = Debug;
		};
		218E54D4188B3BD400D12351 /* Release */ = {
			isa = XCBuildConfiguration;
			buildSettings = {
				ARCHS = "$(ARCHS_STANDARD_INCLUDING_64_BIT)";
				BUNDLE_LOADER = "$(BUILT_PRODUCTS_DIR)/BalloonsMix.app/BalloonsMix";
				FRAMEWORK_SEARCH_PATHS = (
					"$(SDKROOT)/Developer/Library/Frameworks",
					"$(inherited)",
					"$(DEVELOPER_FRAMEWORKS_DIR)",
				);
				GCC_PRECOMPILE_PREFIX_HEADER = YES;
				GCC_PREFIX_HEADER = "BalloonsMix/BalloonsMix-Prefix.pch";
				INFOPLIST_FILE = "BalloonsMixTests/BalloonsMixTests-Info.plist";
				PRODUCT_NAME = "$(TARGET_NAME)";
				TEST_HOST = "$(BUNDLE_LOADER)";
				WRAPPER_EXTENSION = xctest;
			};
			name = Release;
		};
/* End XCBuildConfiguration section */

/* Begin XCConfigurationList section */
		218E5498188B3BD300D12351 /* Build configuration list for PBXProject "BalloonsMix" */ = {
			isa = XCConfigurationList;
			buildConfigurations = (
				218E54CD188B3BD400D12351 /* Debug */,
				218E54CE188B3BD400D12351 /* Release */,
			);
			defaultConfigurationIsVisible = 0;
			defaultConfigurationName = Release;
		};
		218E54CF188B3BD400D12351 /* Build configuration list for PBXNativeTarget "BalloonsMix" */ = {
			isa = XCConfigurationList;
			buildConfigurations = (
				218E54D0188B3BD400D12351 /* Debug */,
				218E54D1188B3BD400D12351 /* Release */,
			);
			defaultConfigurationIsVisible = 0;
			defaultConfigurationName = Release;
		};
		218E54D2188B3BD400D12351 /* Build configuration list for PBXNativeTarget "BalloonsMixTests" */ = {
			isa = XCConfigurationList;
			buildConfigurations = (
				218E54D3188B3BD400D12351 /* Debug */,
				218E54D4188B3BD400D12351 /* Release */,
			);
			defaultConfigurationIsVisible = 0;
			defaultConfigurationName = Release;
		};
/* End XCConfigurationList section */
	};
	rootObject = 218E5495188B3BD300D12351 /* Project object */;
}
